
Microsoft Visual Studio Solution File, Format Version 12.00
# Visual Studio Version 16
VisualStudioVersion = 16.0.29215.179
MinimumVisualStudioVersion = 10.0.40219.1
Project("{9A19103F-16F7-4668-BE54-9A1E7A4F7556}") = "Confuser.Core", "Confuser.Core\Confuser.Core.csproj", "{BEB67A6E-4C54-4DE5-8C6B-2C12F44A7B92}"
EndProject
Project("{9A19103F-16F7-4668-BE54-9A1E7A4F7556}") = "Confuser.Protections", "Confuser.Protections\Confuser.Protections.csproj", "{3EAB01B5-9B49-48D8-BFA1-5493B26CCB71}"
EndProject
Project("{9A19103F-16F7-4668-BE54-9A1E7A4F7556}") = "Confuser.CLI", "Confuser.CLI\Confuser.CLI.csproj", "{CE61ADEE-C032-43EC-ACD8-E4A742F894A3}"
EndProject
Project("{9A19103F-16F7-4668-BE54-9A1E7A4F7556}") = "Confuser.Renamer", "Confuser.Renamer\Confuser.Renamer.csproj", "{862DA0DA-52E1-47CD-B9C2-46B106031B28}"
EndProject
Project("{9A19103F-16F7-4668-BE54-9A1E7A4F7556}") = "Confuser.DynCipher", "Confuser.DynCipher\Confuser.DynCipher.csproj", "{E832E9B8-2158-4FC0-89A1-56C6ECC10F6B}"
EndProject
Project("{9A19103F-16F7-4668-BE54-9A1E7A4F7556}") = "Confuser.Runtime", "Confuser.Runtime\Confuser.Runtime.csproj", "{A45C184F-F98F-4258-A928-BFF437034791}"
	ProjectSection(ProjectDependencies) = postProject
		{BEB67A6E-4C54-4DE5-8C6B-2C12F44A7B92} = {BEB67A6E-4C54-4DE5-8C6B-2C12F44A7B92}
	EndProjectSection
EndProject
Project("{9A19103F-16F7-4668-BE54-9A1E7A4F7556}") = "ConfuserEx", "ConfuserEx\ConfuserEx.csproj", "{B5205EBA-EC32-4C53-86A0-FAEEE7393EC0}"
EndProject
Project("{2150E333-8FDC-42A3-9474-1A3956D46DE8}") = "Tests", "Tests", "{356BDB31-853E-43BB-8F9A-D8AC08F69EBB}"
EndProject
Project("{9A19103F-16F7-4668-BE54-9A1E7A4F7556}") = "CompressorWithResx", "Tests\CompressorWithResx\CompressorWithResx.csproj", "{32223BE8-3E78-489C-92ED-7900B26DFF43}"
EndProject
Project("{9A19103F-16F7-4668-BE54-9A1E7A4F7556}") = "CompressorWithResx.Test", "Tests\CompressorWithResx.Test\CompressorWithResx.Test.csproj", "{32CE1CB1-B7D9-416F-8EFE-6A0055867537}"
EndProject
Project("{2150E333-8FDC-42A3-9474-1A3956D46DE8}") = "Solution Items", "Solution Items", "{B26E932E-3EEB-41A4-9EDF-B02CAFA43DF4}"
	ProjectSection(SolutionItems) = preProject
		.editorconfig = .editorconfig
		appveyor.yml = appveyor.yml
		LICENSE.md = LICENSE.md
		README.md = README.md
		version.json = version.json
	EndProjectSection
EndProject
Project("{9A19103F-16F7-4668-BE54-9A1E7A4F7556}") = "Confuser.UnitTest", "Tests\Confuser.UnitTest\Confuser.UnitTest.csproj", "{73226E13-1701-424E-A4F2-3E4D575A1DD0}"
EndProject
Project("{9A19103F-16F7-4668-BE54-9A1E7A4F7556}") = "AntiTamper", "Tests\AntiTamper\AntiTamper.csproj", "{6A2BA6F7-3399-4890-9453-2D5BE8EEBBA9}"
EndProject
Project("{9A19103F-16F7-4668-BE54-9A1E7A4F7556}") = "AntiTamper.Test", "Tests\AntiTamper.Test\AntiTamper.Test.csproj", "{3F5558BD-7B94-4CB0-A46C-A7252B5BCA17}"
EndProject
Project("{9A19103F-16F7-4668-BE54-9A1E7A4F7556}") = "TypeScrambler", "Tests\TypeScrambler\TypeScrambler.csproj", "{E7F99164-F00F-4B2A-86A9-8EB5F659F34C}"
EndProject
Project("{9A19103F-16F7-4668-BE54-9A1E7A4F7556}") = "TypeScrambler.Test", "Tests\TypeScrambler.Test\TypeScrambler.Test.csproj", "{DEED6795-9EC9-4B2C-95E0-9E465DA61755}"
EndProject
Project("{9A19103F-16F7-4668-BE54-9A1E7A4F7556}") = "Confuser.MSBuild.Tasks", "Confuser.MSBuild.Tasks\Confuser.MSBuild.Tasks.csproj", "{91B12706-DC6A-45DE-97F1-FAF0901FF6AF}"
EndProject
Project("{9A19103F-16F7-4668-BE54-9A1E7A4F7556}") = "WpfRenaming", "Tests\WpfRenaming\WpfRenaming.csproj", "{BA9D2748-1342-41A3-87F2-343E82D99813}"
EndProject
Project("{9A19103F-16F7-4668-BE54-9A1E7A4F7556}") = "WpfRenaming.Test", "Tests\WpfRenaming.Test\WpfRenaming.Test.csproj", "{30B8883F-A0A2-4256-ADCF-A790525D3696}"
EndProject
Project("{9A19103F-16F7-4668-BE54-9A1E7A4F7556}") = "WinFormsRenaming", "Tests\WinFormsRenaming\WinFormsRenaming.csproj", "{211A4598-B46E-4CD3-BA5A-1EC259D4DB5A}"
EndProject
Project("{9A19103F-16F7-4668-BE54-9A1E7A4F7556}") = "WinFormsRenaming.Test", "Tests\WinFormsRenaming.Test\WinFormsRenaming.Test.csproj", "{6C8ECB51-EECE-49C3-89EC-CB0AAECCFF7E}"
EndProject
Project("{778DAE3C-4631-46EA-AA77-85C1314464D9}") = "VisualBasicRenamingResx", "Tests\VisualBasicRenamingResx\VisualBasicRenamingResx.vbproj", "{4B2CE997-8157-40B4-B42F-51CE33954AAC}"
EndProject
Project("{9A19103F-16F7-4668-BE54-9A1E7A4F7556}") = "VisualBasicRenamingResx.Test", "Tests\VisualBasicRenamingResx.Test\VisualBasicRenamingResx.Test.csproj", "{40C6A1BB-69AA-4869-81EE-41917D0B009A}"
EndProject
Project("{9A19103F-16F7-4668-BE54-9A1E7A4F7556}") = "Confuser.Renamer.Test", "Tests\Confuser.Renamer.Test\Confuser.Renamer.Test.csproj", "{A1F54816-3FBA-4A71-9D26-D31C6BE9CF01}"
EndProject
Project("{9A19103F-16F7-4668-BE54-9A1E7A4F7556}") = "78_SignatureMismatch", "Tests\78_SignatureMismatch\78_SignatureMismatch.csproj", "{CD257C0A-9071-42B4-A2FF-180622DBCA96}"
EndProject
Project("{9A19103F-16F7-4668-BE54-9A1E7A4F7556}") = "78_SignatureMismatch.Test", "Tests\78_SignatureMismatch.Test\78_SignatureMismatch.Test.csproj", "{8489A9CE-AB1A-4D8D-8824-D9E18B9945FE}"
EndProject
Project("{9A19103F-16F7-4668-BE54-9A1E7A4F7556}") = "Confuser.Core.Test", "Tests\Confuser.Core.Test\Confuser.Core.Test.csproj", "{055BC73F-FCAE-4361-B035-2E156A101EA9}"
EndProject
Project("{9A19103F-16F7-4668-BE54-9A1E7A4F7556}") = "118_EnhancedStrongName", "Tests\118_EnhancedStrongName\118_EnhancedStrongName.csproj", "{D5C4F5A2-5713-4A0A-A833-F9466AE5A339}"
EndProject
Project("{9A19103F-16F7-4668-BE54-9A1E7A4F7556}") = "118_EnhancedStrongName.Test", "Tests\118_EnhancedStrongName.Test\118_EnhancedStrongName.Test.csproj", "{D8BDABF6-6A96-4B48-8C1C-B6E78CBBF50E}"
EndProject
Project("{9A19103F-16F7-4668-BE54-9A1E7A4F7556}") = "123_InheritCustomAttr", "Tests\123_InheritCustomAttr\123_InheritCustomAttr.csproj", "{3B85D7A9-6BD0-4CD8-9009-36554EF24D32}"
EndProject
Project("{9A19103F-16F7-4668-BE54-9A1E7A4F7556}") = "123_InheritCustomAttr.Test", "Tests\123_InheritCustomAttr.Test\123_InheritCustomAttr.Test.csproj", "{DA7DF89C-447D-4C2D-9C75-933037BF245E}"
EndProject
Project("{9A19103F-16F7-4668-BE54-9A1E7A4F7556}") = "161_DynamicTypeRename", "Tests\161_DynamicTypeRename\161_DynamicTypeRename.csproj", "{034B1C28-96B9-486A-B238-9C651EAA32CA}"
EndProject
Project("{9A19103F-16F7-4668-BE54-9A1E7A4F7556}") = "161_DynamicTypeRename.Test", "Tests\161_DynamicTypeRename.Test\161_DynamicTypeRename.Test.csproj", "{2B914EE7-F206-4A83-B435-460D054315BB}"
EndProject
Project("{9A19103F-16F7-4668-BE54-9A1E7A4F7556}") = "193_ConstantsInlining", "Tests\193_ConstantsInlining\193_ConstantsInlining.csproj", "{AB2E1440-7EC2-45A2-8CF3-2975DE8A57AD}"
EndProject
Project("{9A19103F-16F7-4668-BE54-9A1E7A4F7556}") = "193_ConstantsInlining.Lib", "Tests\193_ConstantsInlining.Lib\193_ConstantsInlining.Lib.csproj", "{630BF262-768C-4085-89B1-9FEF7375F442}"
EndProject
Project("{9A19103F-16F7-4668-BE54-9A1E7A4F7556}") = "193_ConstantsInlining.Test", "Tests\193_ConstantsInlining.Test\193_ConstantsInlining.Test.csproj", "{E9D90B2A-F563-4A5E-9EFB-B1D6B1E7F8CB}"
EndProject
Project("{9A19103F-16F7-4668-BE54-9A1E7A4F7556}") = "SignatureMismatch2", "Tests\SignatureMismatch2\SignatureMismatch2.csproj", "{3504F678-95FA-4DB2-8437-31A927CABC16}"
EndProject
Project("{9A19103F-16F7-4668-BE54-9A1E7A4F7556}") = "SignatureMismatch2Helper", "Tests\SignatureMismatch2Helper\SignatureMismatch2Helper.csproj", "{02948DD6-47BD-4C82-9B4B-78931DB23B8A}"
EndProject
Project("{9A19103F-16F7-4668-BE54-9A1E7A4F7556}") = "SignatureMismatch2.Test", "Tests\SignatureMismatch2.Test\SignatureMismatch2.Test.csproj", "{87BEF4D7-813E-48BA-96FE-E3A24BF2DC34}"
EndProject
Project("{9A19103F-16F7-4668-BE54-9A1E7A4F7556}") = "IncorrectRedirectToGac", "Tests\IncorrectRedirectToGac\IncorrectRedirectToGac.csproj", "{9B823D93-BF1B-407B-A4CD-231347F656AD}"
EndProject
Project("{9A19103F-16F7-4668-BE54-9A1E7A4F7556}") = "IncorrectRedirectToGac.Test", "Tests\IncorrectRedirectToGac.Test\IncorrectRedirectToGac.Test.csproj", "{B7FF0EE8-6C68-46C6-AADB-58C0E3309FB2}"
EndProject
Project("{9A19103F-16F7-4668-BE54-9A1E7A4F7556}") = "252_ComplexInterfaceRenaming", "Tests\252_ComplexInterfaceRenaming\252_ComplexInterfaceRenaming.csproj", "{F233D36D-B64A-4F14-A9F9-B8557C2D4F5D}"
EndProject
Project("{9A19103F-16F7-4668-BE54-9A1E7A4F7556}") = "252_ComplexInterfaceRenaming.Test", "Tests\252_ComplexInterfaceRenaming.Test\252_ComplexInterfaceRenaming.Test.csproj", "{C10599E3-5A79-484F-940B-E4B61F256466}"
EndProject
Global
	GlobalSection(SolutionConfigurationPlatforms) = preSolution
		Debug|Any CPU = Debug|Any CPU
		Release|Any CPU = Release|Any CPU
	EndGlobalSection
	GlobalSection(ProjectConfigurationPlatforms) = postSolution
		{BEB67A6E-4C54-4DE5-8C6B-2C12F44A7B92}.Debug|Any CPU.ActiveCfg = Debug|Any CPU
		{BEB67A6E-4C54-4DE5-8C6B-2C12F44A7B92}.Debug|Any CPU.Build.0 = Debug|Any CPU
		{BEB67A6E-4C54-4DE5-8C6B-2C12F44A7B92}.Release|Any CPU.ActiveCfg = Release|Any CPU
		{BEB67A6E-4C54-4DE5-8C6B-2C12F44A7B92}.Release|Any CPU.Build.0 = Release|Any CPU
		{3EAB01B5-9B49-48D8-BFA1-5493B26CCB71}.Debug|Any CPU.ActiveCfg = Debug|Any CPU
		{3EAB01B5-9B49-48D8-BFA1-5493B26CCB71}.Debug|Any CPU.Build.0 = Debug|Any CPU
		{3EAB01B5-9B49-48D8-BFA1-5493B26CCB71}.Release|Any CPU.ActiveCfg = Release|Any CPU
		{3EAB01B5-9B49-48D8-BFA1-5493B26CCB71}.Release|Any CPU.Build.0 = Release|Any CPU
		{CE61ADEE-C032-43EC-ACD8-E4A742F894A3}.Debug|Any CPU.ActiveCfg = Debug|Any CPU
		{CE61ADEE-C032-43EC-ACD8-E4A742F894A3}.Debug|Any CPU.Build.0 = Debug|Any CPU
		{CE61ADEE-C032-43EC-ACD8-E4A742F894A3}.Release|Any CPU.ActiveCfg = Release|Any CPU
		{CE61ADEE-C032-43EC-ACD8-E4A742F894A3}.Release|Any CPU.Build.0 = Release|Any CPU
		{862DA0DA-52E1-47CD-B9C2-46B106031B28}.Debug|Any CPU.ActiveCfg = Debug|Any CPU
		{862DA0DA-52E1-47CD-B9C2-46B106031B28}.Debug|Any CPU.Build.0 = Debug|Any CPU
		{862DA0DA-52E1-47CD-B9C2-46B106031B28}.Release|Any CPU.ActiveCfg = Release|Any CPU
		{862DA0DA-52E1-47CD-B9C2-46B106031B28}.Release|Any CPU.Build.0 = Release|Any CPU
		{E832E9B8-2158-4FC0-89A1-56C6ECC10F6B}.Debug|Any CPU.ActiveCfg = Debug|Any CPU
		{E832E9B8-2158-4FC0-89A1-56C6ECC10F6B}.Debug|Any CPU.Build.0 = Debug|Any CPU
		{E832E9B8-2158-4FC0-89A1-56C6ECC10F6B}.Release|Any CPU.ActiveCfg = Release|Any CPU
		{E832E9B8-2158-4FC0-89A1-56C6ECC10F6B}.Release|Any CPU.Build.0 = Release|Any CPU
		{A45C184F-F98F-4258-A928-BFF437034791}.Debug|Any CPU.ActiveCfg = Release|Any CPU
		{A45C184F-F98F-4258-A928-BFF437034791}.Debug|Any CPU.Build.0 = Release|Any CPU
		{A45C184F-F98F-4258-A928-BFF437034791}.Release|Any CPU.ActiveCfg = Release|Any CPU
		{A45C184F-F98F-4258-A928-BFF437034791}.Release|Any CPU.Build.0 = Release|Any CPU
		{B5205EBA-EC32-4C53-86A0-FAEEE7393EC0}.Debug|Any CPU.ActiveCfg = Debug|Any CPU
		{B5205EBA-EC32-4C53-86A0-FAEEE7393EC0}.Debug|Any CPU.Build.0 = Debug|Any CPU
		{B5205EBA-EC32-4C53-86A0-FAEEE7393EC0}.Release|Any CPU.ActiveCfg = Release|Any CPU
		{B5205EBA-EC32-4C53-86A0-FAEEE7393EC0}.Release|Any CPU.Build.0 = Release|Any CPU
		{32223BE8-3E78-489C-92ED-7900B26DFF43}.Debug|Any CPU.ActiveCfg = Debug|Any CPU
		{32223BE8-3E78-489C-92ED-7900B26DFF43}.Debug|Any CPU.Build.0 = Debug|Any CPU
		{32223BE8-3E78-489C-92ED-7900B26DFF43}.Release|Any CPU.ActiveCfg = Release|Any CPU
		{32223BE8-3E78-489C-92ED-7900B26DFF43}.Release|Any CPU.Build.0 = Release|Any CPU
		{32CE1CB1-B7D9-416F-8EFE-6A0055867537}.Debug|Any CPU.ActiveCfg = Debug|Any CPU
		{32CE1CB1-B7D9-416F-8EFE-6A0055867537}.Debug|Any CPU.Build.0 = Debug|Any CPU
		{32CE1CB1-B7D9-416F-8EFE-6A0055867537}.Release|Any CPU.ActiveCfg = Release|Any CPU
		{32CE1CB1-B7D9-416F-8EFE-6A0055867537}.Release|Any CPU.Build.0 = Release|Any CPU
		{73226E13-1701-424E-A4F2-3E4D575A1DD0}.Debug|Any CPU.ActiveCfg = Debug|Any CPU
		{73226E13-1701-424E-A4F2-3E4D575A1DD0}.Debug|Any CPU.Build.0 = Debug|Any CPU
		{73226E13-1701-424E-A4F2-3E4D575A1DD0}.Release|Any CPU.ActiveCfg = Release|Any CPU
		{73226E13-1701-424E-A4F2-3E4D575A1DD0}.Release|Any CPU.Build.0 = Release|Any CPU
		{6A2BA6F7-3399-4890-9453-2D5BE8EEBBA9}.Debug|Any CPU.ActiveCfg = Debug|Any CPU
		{6A2BA6F7-3399-4890-9453-2D5BE8EEBBA9}.Debug|Any CPU.Build.0 = Debug|Any CPU
		{6A2BA6F7-3399-4890-9453-2D5BE8EEBBA9}.Release|Any CPU.ActiveCfg = Release|Any CPU
		{6A2BA6F7-3399-4890-9453-2D5BE8EEBBA9}.Release|Any CPU.Build.0 = Release|Any CPU
		{3F5558BD-7B94-4CB0-A46C-A7252B5BCA17}.Debug|Any CPU.ActiveCfg = Debug|Any CPU
		{3F5558BD-7B94-4CB0-A46C-A7252B5BCA17}.Debug|Any CPU.Build.0 = Debug|Any CPU
		{3F5558BD-7B94-4CB0-A46C-A7252B5BCA17}.Release|Any CPU.ActiveCfg = Release|Any CPU
		{3F5558BD-7B94-4CB0-A46C-A7252B5BCA17}.Release|Any CPU.Build.0 = Release|Any CPU
		{E7F99164-F00F-4B2A-86A9-8EB5F659F34C}.Debug|Any CPU.ActiveCfg = Debug|Any CPU
		{E7F99164-F00F-4B2A-86A9-8EB5F659F34C}.Debug|Any CPU.Build.0 = Debug|Any CPU
		{E7F99164-F00F-4B2A-86A9-8EB5F659F34C}.Release|Any CPU.ActiveCfg = Release|Any CPU
		{E7F99164-F00F-4B2A-86A9-8EB5F659F34C}.Release|Any CPU.Build.0 = Release|Any CPU
		{DEED6795-9EC9-4B2C-95E0-9E465DA61755}.Debug|Any CPU.ActiveCfg = Debug|Any CPU
		{DEED6795-9EC9-4B2C-95E0-9E465DA61755}.Debug|Any CPU.Build.0 = Debug|Any CPU
		{DEED6795-9EC9-4B2C-95E0-9E465DA61755}.Release|Any CPU.ActiveCfg = Release|Any CPU
		{DEED6795-9EC9-4B2C-95E0-9E465DA61755}.Release|Any CPU.Build.0 = Release|Any CPU
		{91B12706-DC6A-45DE-97F1-FAF0901FF6AF}.Debug|Any CPU.ActiveCfg = Debug|Any CPU
		{91B12706-DC6A-45DE-97F1-FAF0901FF6AF}.Debug|Any CPU.Build.0 = Debug|Any CPU
		{91B12706-DC6A-45DE-97F1-FAF0901FF6AF}.Release|Any CPU.ActiveCfg = Release|Any CPU
		{91B12706-DC6A-45DE-97F1-FAF0901FF6AF}.Release|Any CPU.Build.0 = Release|Any CPU
		{BA9D2748-1342-41A3-87F2-343E82D99813}.Debug|Any CPU.ActiveCfg = Debug|Any CPU
		{BA9D2748-1342-41A3-87F2-343E82D99813}.Debug|Any CPU.Build.0 = Debug|Any CPU
		{BA9D2748-1342-41A3-87F2-343E82D99813}.Release|Any CPU.ActiveCfg = Release|Any CPU
		{BA9D2748-1342-41A3-87F2-343E82D99813}.Release|Any CPU.Build.0 = Release|Any CPU
		{30B8883F-A0A2-4256-ADCF-A790525D3696}.Debug|Any CPU.ActiveCfg = Debug|Any CPU
		{30B8883F-A0A2-4256-ADCF-A790525D3696}.Debug|Any CPU.Build.0 = Debug|Any CPU
		{30B8883F-A0A2-4256-ADCF-A790525D3696}.Release|Any CPU.ActiveCfg = Release|Any CPU
		{30B8883F-A0A2-4256-ADCF-A790525D3696}.Release|Any CPU.Build.0 = Release|Any CPU
		{211A4598-B46E-4CD3-BA5A-1EC259D4DB5A}.Debug|Any CPU.ActiveCfg = Debug|Any CPU
		{211A4598-B46E-4CD3-BA5A-1EC259D4DB5A}.Debug|Any CPU.Build.0 = Debug|Any CPU
		{211A4598-B46E-4CD3-BA5A-1EC259D4DB5A}.Release|Any CPU.ActiveCfg = Release|Any CPU
		{211A4598-B46E-4CD3-BA5A-1EC259D4DB5A}.Release|Any CPU.Build.0 = Release|Any CPU
		{6C8ECB51-EECE-49C3-89EC-CB0AAECCFF7E}.Debug|Any CPU.ActiveCfg = Debug|Any CPU
		{6C8ECB51-EECE-49C3-89EC-CB0AAECCFF7E}.Debug|Any CPU.Build.0 = Debug|Any CPU
		{6C8ECB51-EECE-49C3-89EC-CB0AAECCFF7E}.Release|Any CPU.ActiveCfg = Release|Any CPU
		{6C8ECB51-EECE-49C3-89EC-CB0AAECCFF7E}.Release|Any CPU.Build.0 = Release|Any CPU
		{4B2CE997-8157-40B4-B42F-51CE33954AAC}.Debug|Any CPU.ActiveCfg = Debug|Any CPU
		{4B2CE997-8157-40B4-B42F-51CE33954AAC}.Debug|Any CPU.Build.0 = Debug|Any CPU
		{4B2CE997-8157-40B4-B42F-51CE33954AAC}.Release|Any CPU.ActiveCfg = Release|Any CPU
		{4B2CE997-8157-40B4-B42F-51CE33954AAC}.Release|Any CPU.Build.0 = Release|Any CPU
		{40C6A1BB-69AA-4869-81EE-41917D0B009A}.Debug|Any CPU.ActiveCfg = Debug|Any CPU
		{40C6A1BB-69AA-4869-81EE-41917D0B009A}.Debug|Any CPU.Build.0 = Debug|Any CPU
		{40C6A1BB-69AA-4869-81EE-41917D0B009A}.Release|Any CPU.ActiveCfg = Release|Any CPU
		{40C6A1BB-69AA-4869-81EE-41917D0B009A}.Release|Any CPU.Build.0 = Release|Any CPU
		{A1F54816-3FBA-4A71-9D26-D31C6BE9CF01}.Debug|Any CPU.ActiveCfg = Debug|Any CPU
		{A1F54816-3FBA-4A71-9D26-D31C6BE9CF01}.Debug|Any CPU.Build.0 = Debug|Any CPU
		{A1F54816-3FBA-4A71-9D26-D31C6BE9CF01}.Release|Any CPU.ActiveCfg = Release|Any CPU
		{A1F54816-3FBA-4A71-9D26-D31C6BE9CF01}.Release|Any CPU.Build.0 = Release|Any CPU
		{CD257C0A-9071-42B4-A2FF-180622DBCA96}.Debug|Any CPU.ActiveCfg = Debug|Any CPU
		{CD257C0A-9071-42B4-A2FF-180622DBCA96}.Debug|Any CPU.Build.0 = Debug|Any CPU
		{CD257C0A-9071-42B4-A2FF-180622DBCA96}.Release|Any CPU.ActiveCfg = Release|Any CPU
		{CD257C0A-9071-42B4-A2FF-180622DBCA96}.Release|Any CPU.Build.0 = Release|Any CPU
		{8489A9CE-AB1A-4D8D-8824-D9E18B9945FE}.Debug|Any CPU.ActiveCfg = Debug|Any CPU
		{8489A9CE-AB1A-4D8D-8824-D9E18B9945FE}.Debug|Any CPU.Build.0 = Debug|Any CPU
		{8489A9CE-AB1A-4D8D-8824-D9E18B9945FE}.Release|Any CPU.ActiveCfg = Release|Any CPU
		{8489A9CE-AB1A-4D8D-8824-D9E18B9945FE}.Release|Any CPU.Build.0 = Release|Any CPU
		{055BC73F-FCAE-4361-B035-2E156A101EA9}.Debug|Any CPU.ActiveCfg = Debug|Any CPU
		{055BC73F-FCAE-4361-B035-2E156A101EA9}.Debug|Any CPU.Build.0 = Debug|Any CPU
		{055BC73F-FCAE-4361-B035-2E156A101EA9}.Release|Any CPU.ActiveCfg = Release|Any CPU
		{055BC73F-FCAE-4361-B035-2E156A101EA9}.Release|Any CPU.Build.0 = Release|Any CPU
		{D5C4F5A2-5713-4A0A-A833-F9466AE5A339}.Debug|Any CPU.ActiveCfg = Debug|Any CPU
		{D5C4F5A2-5713-4A0A-A833-F9466AE5A339}.Debug|Any CPU.Build.0 = Debug|Any CPU
		{D5C4F5A2-5713-4A0A-A833-F9466AE5A339}.Release|Any CPU.ActiveCfg = Release|Any CPU
		{D5C4F5A2-5713-4A0A-A833-F9466AE5A339}.Release|Any CPU.Build.0 = Release|Any CPU
		{D8BDABF6-6A96-4B48-8C1C-B6E78CBBF50E}.Debug|Any CPU.ActiveCfg = Debug|Any CPU
		{D8BDABF6-6A96-4B48-8C1C-B6E78CBBF50E}.Debug|Any CPU.Build.0 = Debug|Any CPU
		{D8BDABF6-6A96-4B48-8C1C-B6E78CBBF50E}.Release|Any CPU.ActiveCfg = Release|Any CPU
		{D8BDABF6-6A96-4B48-8C1C-B6E78CBBF50E}.Release|Any CPU.Build.0 = Release|Any CPU
		{3B85D7A9-6BD0-4CD8-9009-36554EF24D32}.Debug|Any CPU.ActiveCfg = Debug|Any CPU
		{3B85D7A9-6BD0-4CD8-9009-36554EF24D32}.Debug|Any CPU.Build.0 = Debug|Any CPU
		{3B85D7A9-6BD0-4CD8-9009-36554EF24D32}.Release|Any CPU.ActiveCfg = Release|Any CPU
		{3B85D7A9-6BD0-4CD8-9009-36554EF24D32}.Release|Any CPU.Build.0 = Release|Any CPU
		{DA7DF89C-447D-4C2D-9C75-933037BF245E}.Debug|Any CPU.ActiveCfg = Debug|Any CPU
		{DA7DF89C-447D-4C2D-9C75-933037BF245E}.Debug|Any CPU.Build.0 = Debug|Any CPU
		{DA7DF89C-447D-4C2D-9C75-933037BF245E}.Release|Any CPU.ActiveCfg = Release|Any CPU
		{DA7DF89C-447D-4C2D-9C75-933037BF245E}.Release|Any CPU.Build.0 = Release|Any CPU
		{034B1C28-96B9-486A-B238-9C651EAA32CA}.Debug|Any CPU.ActiveCfg = Debug|Any CPU
		{034B1C28-96B9-486A-B238-9C651EAA32CA}.Debug|Any CPU.Build.0 = Debug|Any CPU
		{034B1C28-96B9-486A-B238-9C651EAA32CA}.Release|Any CPU.ActiveCfg = Release|Any CPU
		{034B1C28-96B9-486A-B238-9C651EAA32CA}.Release|Any CPU.Build.0 = Release|Any CPU
		{2B914EE7-F206-4A83-B435-460D054315BB}.Debug|Any CPU.ActiveCfg = Debug|Any CPU
		{2B914EE7-F206-4A83-B435-460D054315BB}.Debug|Any CPU.Build.0 = Debug|Any CPU
		{2B914EE7-F206-4A83-B435-460D054315BB}.Release|Any CPU.ActiveCfg = Release|Any CPU
		{2B914EE7-F206-4A83-B435-460D054315BB}.Release|Any CPU.Build.0 = Release|Any CPU
		{AB2E1440-7EC2-45A2-8CF3-2975DE8A57AD}.Debug|Any CPU.ActiveCfg = Debug|Any CPU
		{AB2E1440-7EC2-45A2-8CF3-2975DE8A57AD}.Debug|Any CPU.Build.0 = Debug|Any CPU
		{AB2E1440-7EC2-45A2-8CF3-2975DE8A57AD}.Release|Any CPU.ActiveCfg = Release|Any CPU
		{AB2E1440-7EC2-45A2-8CF3-2975DE8A57AD}.Release|Any CPU.Build.0 = Release|Any CPU
		{630BF262-768C-4085-89B1-9FEF7375F442}.Debug|Any CPU.ActiveCfg = Debug|Any CPU
		{630BF262-768C-4085-89B1-9FEF7375F442}.Debug|Any CPU.Build.0 = Debug|Any CPU
		{630BF262-768C-4085-89B1-9FEF7375F442}.Release|Any CPU.ActiveCfg = Release|Any CPU
		{630BF262-768C-4085-89B1-9FEF7375F442}.Release|Any CPU.Build.0 = Release|Any CPU
		{E9D90B2A-F563-4A5E-9EFB-B1D6B1E7F8CB}.Debug|Any CPU.ActiveCfg = Debug|Any CPU
		{E9D90B2A-F563-4A5E-9EFB-B1D6B1E7F8CB}.Debug|Any CPU.Build.0 = Debug|Any CPU
		{E9D90B2A-F563-4A5E-9EFB-B1D6B1E7F8CB}.Release|Any CPU.ActiveCfg = Release|Any CPU
		{E9D90B2A-F563-4A5E-9EFB-B1D6B1E7F8CB}.Release|Any CPU.Build.0 = Release|Any CPU
		{3504F678-95FA-4DB2-8437-31A927CABC16}.Debug|Any CPU.ActiveCfg = Debug|Any CPU
		{3504F678-95FA-4DB2-8437-31A927CABC16}.Debug|Any CPU.Build.0 = Debug|Any CPU
		{3504F678-95FA-4DB2-8437-31A927CABC16}.Release|Any CPU.ActiveCfg = Release|Any CPU
		{3504F678-95FA-4DB2-8437-31A927CABC16}.Release|Any CPU.Build.0 = Release|Any CPU
		{02948DD6-47BD-4C82-9B4B-78931DB23B8A}.Debug|Any CPU.ActiveCfg = Debug|Any CPU
		{02948DD6-47BD-4C82-9B4B-78931DB23B8A}.Debug|Any CPU.Build.0 = Debug|Any CPU
		{02948DD6-47BD-4C82-9B4B-78931DB23B8A}.Release|Any CPU.ActiveCfg = Release|Any CPU
		{02948DD6-47BD-4C82-9B4B-78931DB23B8A}.Release|Any CPU.Build.0 = Release|Any CPU
		{87BEF4D7-813E-48BA-96FE-E3A24BF2DC34}.Debug|Any CPU.ActiveCfg = Debug|Any CPU
		{87BEF4D7-813E-48BA-96FE-E3A24BF2DC34}.Debug|Any CPU.Build.0 = Debug|Any CPU
		{87BEF4D7-813E-48BA-96FE-E3A24BF2DC34}.Release|Any CPU.ActiveCfg = Release|Any CPU
		{87BEF4D7-813E-48BA-96FE-E3A24BF2DC34}.Release|Any CPU.Build.0 = Release|Any CPU
		{9B823D93-BF1B-407B-A4CD-231347F656AD}.Debug|Any CPU.ActiveCfg = Debug|Any CPU
		{9B823D93-BF1B-407B-A4CD-231347F656AD}.Debug|Any CPU.Build.0 = Debug|Any CPU
		{9B823D93-BF1B-407B-A4CD-231347F656AD}.Release|Any CPU.ActiveCfg = Release|Any CPU
		{9B823D93-BF1B-407B-A4CD-231347F656AD}.Release|Any CPU.Build.0 = Release|Any CPU
		{B7FF0EE8-6C68-46C6-AADB-58C0E3309FB2}.Debug|Any CPU.ActiveCfg = Debug|Any CPU
		{B7FF0EE8-6C68-46C6-AADB-58C0E3309FB2}.Debug|Any CPU.Build.0 = Debug|Any CPU
		{B7FF0EE8-6C68-46C6-AADB-58C0E3309FB2}.Release|Any CPU.ActiveCfg = Release|Any CPU
		{B7FF0EE8-6C68-46C6-AADB-58C0E3309FB2}.Release|Any CPU.Build.0 = Release|Any CPU
		{F233D36D-B64A-4F14-A9F9-B8557C2D4F5D}.Debug|Any CPU.ActiveCfg = Debug|Any CPU
		{F233D36D-B64A-4F14-A9F9-B8557C2D4F5D}.Debug|Any CPU.Build.0 = Debug|Any CPU
		{F233D36D-B64A-4F14-A9F9-B8557C2D4F5D}.Release|Any CPU.ActiveCfg = Release|Any CPU
		{F233D36D-B64A-4F14-A9F9-B8557C2D4F5D}.Release|Any CPU.Build.0 = Release|Any CPU
		{C10599E3-5A79-484F-940B-E4B61F256466}.Debug|Any CPU.ActiveCfg = Debug|Any CPU
		{C10599E3-5A79-484F-940B-E4B61F256466}.Debug|Any CPU.Build.0 = Debug|Any CPU
		{C10599E3-5A79-484F-940B-E4B61F256466}.Release|Any CPU.ActiveCfg = Release|Any CPU
		{C10599E3-5A79-484F-940B-E4B61F256466}.Release|Any CPU.Build.0 = Release|Any CPU
	EndGlobalSection
	GlobalSection(SolutionProperties) = preSolution
		HideSolutionNode = FALSE
	EndGlobalSection
	GlobalSection(NestedProjects) = preSolution
		{32223BE8-3E78-489C-92ED-7900B26DFF43} = {356BDB31-853E-43BB-8F9A-D8AC08F69EBB}
		{32CE1CB1-B7D9-416F-8EFE-6A0055867537} = {356BDB31-853E-43BB-8F9A-D8AC08F69EBB}
		{73226E13-1701-424E-A4F2-3E4D575A1DD0} = {356BDB31-853E-43BB-8F9A-D8AC08F69EBB}
		{6A2BA6F7-3399-4890-9453-2D5BE8EEBBA9} = {356BDB31-853E-43BB-8F9A-D8AC08F69EBB}
		{3F5558BD-7B94-4CB0-A46C-A7252B5BCA17} = {356BDB31-853E-43BB-8F9A-D8AC08F69EBB}
		{E7F99164-F00F-4B2A-86A9-8EB5F659F34C} = {356BDB31-853E-43BB-8F9A-D8AC08F69EBB}
		{DEED6795-9EC9-4B2C-95E0-9E465DA61755} = {356BDB31-853E-43BB-8F9A-D8AC08F69EBB}
		{BA9D2748-1342-41A3-87F2-343E82D99813} = {356BDB31-853E-43BB-8F9A-D8AC08F69EBB}
		{30B8883F-A0A2-4256-ADCF-A790525D3696} = {356BDB31-853E-43BB-8F9A-D8AC08F69EBB}
		{211A4598-B46E-4CD3-BA5A-1EC259D4DB5A} = {356BDB31-853E-43BB-8F9A-D8AC08F69EBB}
		{6C8ECB51-EECE-49C3-89EC-CB0AAECCFF7E} = {356BDB31-853E-43BB-8F9A-D8AC08F69EBB}
		{4B2CE997-8157-40B4-B42F-51CE33954AAC} = {356BDB31-853E-43BB-8F9A-D8AC08F69EBB}
		{40C6A1BB-69AA-4869-81EE-41917D0B009A} = {356BDB31-853E-43BB-8F9A-D8AC08F69EBB}
		{A1F54816-3FBA-4A71-9D26-D31C6BE9CF01} = {356BDB31-853E-43BB-8F9A-D8AC08F69EBB}
		{CD257C0A-9071-42B4-A2FF-180622DBCA96} = {356BDB31-853E-43BB-8F9A-D8AC08F69EBB}
		{8489A9CE-AB1A-4D8D-8824-D9E18B9945FE} = {356BDB31-853E-43BB-8F9A-D8AC08F69EBB}
		{055BC73F-FCAE-4361-B035-2E156A101EA9} = {356BDB31-853E-43BB-8F9A-D8AC08F69EBB}
		{D5C4F5A2-5713-4A0A-A833-F9466AE5A339} = {356BDB31-853E-43BB-8F9A-D8AC08F69EBB}
		{D8BDABF6-6A96-4B48-8C1C-B6E78CBBF50E} = {356BDB31-853E-43BB-8F9A-D8AC08F69EBB}
		{3B85D7A9-6BD0-4CD8-9009-36554EF24D32} = {356BDB31-853E-43BB-8F9A-D8AC08F69EBB}
		{DA7DF89C-447D-4C2D-9C75-933037BF245E} = {356BDB31-853E-43BB-8F9A-D8AC08F69EBB}
		{034B1C28-96B9-486A-B238-9C651EAA32CA} = {356BDB31-853E-43BB-8F9A-D8AC08F69EBB}
		{2B914EE7-F206-4A83-B435-460D054315BB} = {356BDB31-853E-43BB-8F9A-D8AC08F69EBB}
		{AB2E1440-7EC2-45A2-8CF3-2975DE8A57AD} = {356BDB31-853E-43BB-8F9A-D8AC08F69EBB}
		{630BF262-768C-4085-89B1-9FEF7375F442} = {356BDB31-853E-43BB-8F9A-D8AC08F69EBB}
		{E9D90B2A-F563-4A5E-9EFB-B1D6B1E7F8CB} = {356BDB31-853E-43BB-8F9A-D8AC08F69EBB}
		{3504F678-95FA-4DB2-8437-31A927CABC16} = {356BDB31-853E-43BB-8F9A-D8AC08F69EBB}
		{02948DD6-47BD-4C82-9B4B-78931DB23B8A} = {356BDB31-853E-43BB-8F9A-D8AC08F69EBB}
		{87BEF4D7-813E-48BA-96FE-E3A24BF2DC34} = {356BDB31-853E-43BB-8F9A-D8AC08F69EBB}
		{9B823D93-BF1B-407B-A4CD-231347F656AD} = {356BDB31-853E-43BB-8F9A-D8AC08F69EBB}
		{B7FF0EE8-6C68-46C6-AADB-58C0E3309FB2} = {356BDB31-853E-43BB-8F9A-D8AC08F69EBB}
		{F233D36D-B64A-4F14-A9F9-B8557C2D4F5D} = {356BDB31-853E-43BB-8F9A-D8AC08F69EBB}
		{C10599E3-5A79-484F-940B-E4B61F256466} = {356BDB31-853E-43BB-8F9A-D8AC08F69EBB}
	EndGlobalSection
	GlobalSection(ExtensibilityGlobals) = postSolution
		SolutionGuid = {0D937D9E-E04B-4A68-B639-D4260473A388}
	EndGlobalSection
EndGlobal
